
Microsoft Visual Studio Solution File, Format Version 12.00
# Visual Studio Version 16
VisualStudioVersion = 16.0.30225.117
MinimumVisualStudioVersion = 10.0.40219.1
Project("{FAE04EC0-301F-11D3-BF4B-00C04F79EFBC}") = "eShopSolution.WebApp", "eShopSolution.WebApp\eShopSolution.WebApp.csproj", "{019BFFE8-C364-454B-B2F3-E5E33492A458}"
EndProject
Global
	GlobalSection(SolutionConfigurationPlatforms) = preSolution
		Debug|Any CPU = Debug|Any CPU
		Release|Any CPU = Release|Any CPU
	EndGlobalSection
	GlobalSection(ProjectConfigurationPlatforms) = postSolution
		{019BFFE8-C364-454B-B2F3-E5E33492A458}.Debug|Any CPU.ActiveCfg = Debug|Any CPU
		{019BFFE8-C364-454B-B2F3-E5E33492A458}.Debug|Any CPU.Build.0 = Debug|Any CPU
		{019BFFE8-C364-454B-B2F3-E5E33492A458}.Release|Any CPU.ActiveCfg = Release|Any CPU
		{019BFFE8-C364-454B-B2F3-E5E33492A458}.Release|Any CPU.Build.0 = Release|Any CPU
	EndGlobalSection
	GlobalSection(SolutionProperties) = preSolution
		HideSolutionNode = FALSE
	EndGlobalSection
	GlobalSection(ExtensibilityGlobals) = postSolution
		SolutionGuid = {8E79DA7E-A1A5-4858-9B5A-27BE74209BAD}
	EndGlobalSection
EndGlobal
